
Microsoft Visual Studio Solution File, Format Version 12.00
# Visual Studio Version 16
VisualStudioVersion = 16.0.31019.35
MinimumVisualStudioVersion = 10.0.40219.1
Project("{FAE04EC0-301F-11D3-BF4B-00C04F79EFBC}") = "RW.PMS.Common", "RW.PMS.Common\RW.PMS.Common.csproj", "{24013A6D-D14E-4B38-9004-A724761DCF50}"
EndProject
Project("{FAE04EC0-301F-11D3-BF4B-00C04F79EFBC}") = "RW.PMS.DAL", "RW.PMS.DAL\RW.PMS.DAL.csproj", "{C4AE0CD2-0416-4CFB-99BC-A4EEBA44AECE}"
EndProject
Project("{FAE04EC0-301F-11D3-BF4B-00C04F79EFBC}") = "RW.PMS.BLL", "RW.PMS.BLL\RW.PMS.BLL.csproj", "{FCC812A9-C993-4224-92AF-D267FA7C0FAC}"
EndProject
Project("{FAE04EC0-301F-11D3-BF4B-00C04F79EFBC}") = "RW.PMS.Model", "RW.PMS.Model\RW.PMS.Model.csproj", "{596F03E5-42A3-4734-8CFF-EAF134CD6A33}"
EndProject
Project("{FAE04EC0-301F-11D3-BF4B-00C04F79EFBC}") = "RW.PMS.IBLL", "RW.PMS.IBLL\RW.PMS.IBLL.csproj", "{64ED12D3-B63C-4288-972B-DD3D1A68CA69}"
EndProject
Project("{FAE04EC0-301F-11D3-BF4B-00C04F79EFBC}") = "RW.PMS.IDAL", "PW.PMS.IDAL\RW.PMS.IDAL.csproj", "{8FEF2486-D7EF-4E51-9D44-76EA391C0E9B}"
EndProject
Project("{FAE04EC0-301F-11D3-BF4B-00C04F79EFBC}") = "RW.PMS.WinForm", "RW.PMS\RW.PMS.WinForm.csproj", "{91977D85-032C-4582-ABE5-0347AEB7E4CC}"
EndProject
Project("{FAE04EC0-301F-11D3-BF4B-00C04F79EFBC}") = "RW.PMS.Utils", "RW\RW.PMS.Utils.csproj", "{D4EA42E7-DA52-4AA2-963E-D5B72C12D2A0}"
EndProject
Project("{FAE04EC0-301F-11D3-BF4B-00C04F79EFBC}") = "SAPRFC", "SAPRFC\SAPRFC.csproj", "{E5708EB4-3EB2-4643-B1BF-927CDC0E35E1}"
EndProject
Project("{FAE04EC0-301F-11D3-BF4B-00C04F79EFBC}") = "HZH_Controls", "HZH_Controls\HZH_Controls.csproj", "{AF32E163-C577-4CBC-A072-0DC1CE0E1DA3}"
EndProject
Global
	GlobalSection(SolutionConfigurationPlatforms) = preSolution
		Debug|Any CPU = Debug|Any CPU
		Release|Any CPU = Release|Any CPU
	EndGlobalSection
	GlobalSection(ProjectConfigurationPlatforms) = postSolution
		{24013A6D-D14E-4B38-9004-A724761DCF50}.Debug|Any CPU.ActiveCfg = Debug|Any CPU
		{24013A6D-D14E-4B38-9004-A724761DCF50}.Debug|Any CPU.Build.0 = Debug|Any CPU
		{24013A6D-D14E-4B38-9004-A724761DCF50}.Release|Any CPU.ActiveCfg = Release|Any CPU
		{24013A6D-D14E-4B38-9004-A724761DCF50}.Release|Any CPU.Build.0 = Release|Any CPU
		{C4AE0CD2-0416-4CFB-99BC-A4EEBA44AECE}.Debug|Any CPU.ActiveCfg = Debug|Any CPU
		{C4AE0CD2-0416-4CFB-99BC-A4EEBA44AECE}.Debug|Any CPU.Build.0 = Debug|Any CPU
		{C4AE0CD2-0416-4CFB-99BC-A4EEBA44AECE}.Release|Any CPU.ActiveCfg = Release|Any CPU
		{C4AE0CD2-0416-4CFB-99BC-A4EEBA44AECE}.Release|Any CPU.Build.0 = Release|Any CPU
		{FCC812A9-C993-4224-92AF-D267FA7C0FAC}.Debug|Any CPU.ActiveCfg = Debug|Any CPU
		{FCC812A9-C993-4224-92AF-D267FA7C0FAC}.Debug|Any CPU.Build.0 = Debug|Any CPU
		{FCC812A9-C993-4224-92AF-D267FA7C0FAC}.Release|Any CPU.ActiveCfg = Release|Any CPU
		{FCC812A9-C993-4224-92AF-D267FA7C0FAC}.Release|Any CPU.Build.0 = Release|Any CPU
		{596F03E5-42A3-4734-8CFF-EAF134CD6A33}.Debug|Any CPU.ActiveCfg = Debug|Any CPU
		{596F03E5-42A3-4734-8CFF-EAF134CD6A33}.Debug|Any CPU.Build.0 = Debug|Any CPU
		{596F03E5-42A3-4734-8CFF-EAF134CD6A33}.Release|Any CPU.ActiveCfg = Release|Any CPU
		{596F03E5-42A3-4734-8CFF-EAF134CD6A33}.Release|Any CPU.Build.0 = Release|Any CPU
		{64ED12D3-B63C-4288-972B-DD3D1A68CA69}.Debug|Any CPU.ActiveCfg = Debug|Any CPU
		{64ED12D3-B63C-4288-972B-DD3D1A68CA69}.Debug|Any CPU.Build.0 = Debug|Any CPU
		{64ED12D3-B63C-4288-972B-DD3D1A68CA69}.Release|Any CPU.ActiveCfg = Release|Any CPU
		{64ED12D3-B63C-4288-972B-DD3D1A68CA69}.Release|Any CPU.Build.0 = Release|Any CPU
		{8FEF2486-D7EF-4E51-9D44-76EA391C0E9B}.Debug|Any CPU.ActiveCfg = Debug|Any CPU
		{8FEF2486-D7EF-4E51-9D44-76EA391C0E9B}.Debug|Any CPU.Build.0 = Debug|Any CPU
		{8FEF2486-D7EF-4E51-9D44-76EA391C0E9B}.Release|Any CPU.ActiveCfg = Release|Any CPU
		{8FEF2486-D7EF-4E51-9D44-76EA391C0E9B}.Release|Any CPU.Build.0 = Release|Any CPU
		{91977D85-032C-4582-ABE5-0347AEB7E4CC}.Debug|Any CPU.ActiveCfg = Debug|Any CPU
		{91977D85-032C-4582-ABE5-0347AEB7E4CC}.Debug|Any CPU.Build.0 = Debug|Any CPU
		{91977D85-032C-4582-ABE5-0347AEB7E4CC}.Release|Any CPU.ActiveCfg = Release|Any CPU
		{91977D85-032C-4582-ABE5-0347AEB7E4CC}.Release|Any CPU.Build.0 = Release|Any CPU
		{D4EA42E7-DA52-4AA2-963E-D5B72C12D2A0}.Debug|Any CPU.ActiveCfg = Debug|Any CPU
		{D4EA42E7-DA52-4AA2-963E-D5B72C12D2A0}.Debug|Any CPU.Build.0 = Debug|Any CPU
		{D4EA42E7-DA52-4AA2-963E-D5B72C12D2A0}.Release|Any CPU.ActiveCfg = Release|Any CPU
		{D4EA42E7-DA52-4AA2-963E-D5B72C12D2A0}.Release|Any CPU.Build.0 = Release|Any CPU
		{E5708EB4-3EB2-4643-B1BF-927CDC0E35E1}.Debug|Any CPU.ActiveCfg = Debug|Any CPU
		{E5708EB4-3EB2-4643-B1BF-927CDC0E35E1}.Debug|Any CPU.Build.0 = Debug|Any CPU
		{E5708EB4-3EB2-4643-B1BF-927CDC0E35E1}.Release|Any CPU.ActiveCfg = Release|Any CPU
		{E5708EB4-3EB2-4643-B1BF-927CDC0E35E1}.Release|Any CPU.Build.0 = Release|Any CPU
		{AF32E163-C577-4CBC-A072-0DC1CE0E1DA3}.Debug|Any CPU.ActiveCfg = Debug|Any CPU
		{AF32E163-C577-4CBC-A072-0DC1CE0E1DA3}.Debug|Any CPU.Build.0 = Debug|Any CPU
		{AF32E163-C577-4CBC-A072-0DC1CE0E1DA3}.Release|Any CPU.ActiveCfg = Release|Any CPU
		{AF32E163-C577-4CBC-A072-0DC1CE0E1DA3}.Release|Any CPU.Build.0 = Release|Any CPU
	EndGlobalSection
	GlobalSection(SolutionProperties) = preSolution
		HideSolutionNode = FALSE
	EndGlobalSection
	GlobalSection(ExtensibilityGlobals) = postSolution
		SolutionGuid = {49890905-9407-44EF-A7FF-23C298B8D2B4}
	EndGlobalSection
EndGlobal
