
Microsoft Visual Studio Solution File, Format Version 12.00
# Visual Studio Version 17
VisualStudioVersion = 17.0.32112.339
MinimumVisualStudioVersion = 10.0.40219.1
Project("{9A19103F-16F7-4668-BE54-9A1E7A4F7556}") = "RW.PMS.API", "RW.PMS.API\RW.PMS.API.csproj", "{BB59B0DE-B96E-4E8E-9BE1-68BBCDE41B80}"
EndProject
Project("{9A19103F-16F7-4668-BE54-9A1E7A4F7556}") = "RW.PMS.CrossCutting", "RW.PMS.CrossCutting\RW.PMS.CrossCutting.csproj", "{3B6EB619-1A67-4EF3-8E3B-AA5246ECC39E}"
EndProject
Project("{9A19103F-16F7-4668-BE54-9A1E7A4F7556}") = "RW.PMS.Domain", "RW.PMS.Domain\RW.PMS.Domain.csproj", "{78FDBC7B-6620-401D-811C-D7DE8941DBCE}"
EndProject
Project("{9A19103F-16F7-4668-BE54-9A1E7A4F7556}") = "RW.PMS.Infrastructure", "RW.PMS.Infrastructure\RW.PMS.Infrastructure.csproj", "{EAFC9F6B-1937-4E67-BA41-16BF7BEAFDC4}"
EndProject
Project("{9A19103F-16F7-4668-BE54-9A1E7A4F7556}") = "RW.PMS.Application.Contracts", "RW.PMS.Application.Contracts\RW.PMS.Application.Contracts.csproj", "{DE8C0581-E483-40BA-8254-59D58DD14B75}"
EndProject
Project("{9A19103F-16F7-4668-BE54-9A1E7A4F7556}") = "RW.PMS.Application", "RW.PMS.Application\RW.PMS.Application.csproj", "{98105826-CB6F-4647-AF29-0059295C2857}"
EndProject
Project("{9A19103F-16F7-4668-BE54-9A1E7A4F7556}") = "RW.PMS.APP.API", "RW.PMS.APP.API\RW.PMS.APP.API.csproj", "{39C3B31C-F469-4FBA-BC62-C40903C98C0C}"
EndProject
Project("{9A19103F-16F7-4668-BE54-9A1E7A4F7556}") = "RW.PMS.CMMI.API", "RW.PMS.CMMI.API\RW.PMS.CMMI.API.csproj", "{0A6B9772-BE39-4FF3-B2A4-9317FB066F25}"
EndProject
Project("{9A19103F-16F7-4668-BE54-9A1E7A4F7556}") = "RW.PMS.WorkerService", "RW.PMS.WorkerService\RW.PMS.WorkerService.csproj", "{1DB25E94-AE91-44CD-9B57-3233ABB02AAB}"
EndProject
Global
	GlobalSection(SolutionConfigurationPlatforms) = preSolution
		Debug|Any CPU = Debug|Any CPU
		Debug|x64 = Debug|x64
		Debug|x86 = Debug|x86
		Release|Any CPU = Release|Any CPU
		Release|x64 = Release|x64
		Release|x86 = Release|x86
	EndGlobalSection
	GlobalSection(ProjectConfigurationPlatforms) = postSolution
		{BB59B0DE-B96E-4E8E-9BE1-68BBCDE41B80}.Debug|Any CPU.ActiveCfg = Debug|Any CPU
		{BB59B0DE-B96E-4E8E-9BE1-68BBCDE41B80}.Debug|Any CPU.Build.0 = Debug|Any CPU
		{BB59B0DE-B96E-4E8E-9BE1-68BBCDE41B80}.Debug|x64.ActiveCfg = Debug|Any CPU
		{BB59B0DE-B96E-4E8E-9BE1-68BBCDE41B80}.Debug|x64.Build.0 = Debug|Any CPU
		{BB59B0DE-B96E-4E8E-9BE1-68BBCDE41B80}.Debug|x86.ActiveCfg = Debug|Any CPU
		{BB59B0DE-B96E-4E8E-9BE1-68BBCDE41B80}.Debug|x86.Build.0 = Debug|Any CPU
		{BB59B0DE-B96E-4E8E-9BE1-68BBCDE41B80}.Release|Any CPU.ActiveCfg = Release|Any CPU
		{BB59B0DE-B96E-4E8E-9BE1-68BBCDE41B80}.Release|Any CPU.Build.0 = Release|Any CPU
		{BB59B0DE-B96E-4E8E-9BE1-68BBCDE41B80}.Release|x64.ActiveCfg = Release|Any CPU
		{BB59B0DE-B96E-4E8E-9BE1-68BBCDE41B80}.Release|x64.Build.0 = Release|Any CPU
		{BB59B0DE-B96E-4E8E-9BE1-68BBCDE41B80}.Release|x86.ActiveCfg = Release|Any CPU
		{BB59B0DE-B96E-4E8E-9BE1-68BBCDE41B80}.Release|x86.Build.0 = Release|Any CPU
		{3B6EB619-1A67-4EF3-8E3B-AA5246ECC39E}.Debug|Any CPU.ActiveCfg = Debug|Any CPU
		{3B6EB619-1A67-4EF3-8E3B-AA5246ECC39E}.Debug|Any CPU.Build.0 = Debug|Any CPU
		{3B6EB619-1A67-4EF3-8E3B-AA5246ECC39E}.Debug|x64.ActiveCfg = Debug|Any CPU
		{3B6EB619-1A67-4EF3-8E3B-AA5246ECC39E}.Debug|x64.Build.0 = Debug|Any CPU
		{3B6EB619-1A67-4EF3-8E3B-AA5246ECC39E}.Debug|x86.ActiveCfg = Debug|Any CPU
		{3B6EB619-1A67-4EF3-8E3B-AA5246ECC39E}.Debug|x86.Build.0 = Debug|Any CPU
		{3B6EB619-1A67-4EF3-8E3B-AA5246ECC39E}.Release|Any CPU.ActiveCfg = Release|Any CPU
		{3B6EB619-1A67-4EF3-8E3B-AA5246ECC39E}.Release|Any CPU.Build.0 = Release|Any CPU
		{3B6EB619-1A67-4EF3-8E3B-AA5246ECC39E}.Release|x64.ActiveCfg = Release|Any CPU
		{3B6EB619-1A67-4EF3-8E3B-AA5246ECC39E}.Release|x64.Build.0 = Release|Any CPU
		{3B6EB619-1A67-4EF3-8E3B-AA5246ECC39E}.Release|x86.ActiveCfg = Release|Any CPU
		{3B6EB619-1A67-4EF3-8E3B-AA5246ECC39E}.Release|x86.Build.0 = Release|Any CPU
		{78FDBC7B-6620-401D-811C-D7DE8941DBCE}.Debug|Any CPU.ActiveCfg = Debug|Any CPU
		{78FDBC7B-6620-401D-811C-D7DE8941DBCE}.Debug|Any CPU.Build.0 = Debug|Any CPU
		{78FDBC7B-6620-401D-811C-D7DE8941DBCE}.Debug|x64.ActiveCfg = Debug|Any CPU
		{78FDBC7B-6620-401D-811C-D7DE8941DBCE}.Debug|x64.Build.0 = Debug|Any CPU
		{78FDBC7B-6620-401D-811C-D7DE8941DBCE}.Debug|x86.ActiveCfg = Debug|Any CPU
		{78FDBC7B-6620-401D-811C-D7DE8941DBCE}.Debug|x86.Build.0 = Debug|Any CPU
		{78FDBC7B-6620-401D-811C-D7DE8941DBCE}.Release|Any CPU.ActiveCfg = Release|Any CPU
		{78FDBC7B-6620-401D-811C-D7DE8941DBCE}.Release|Any CPU.Build.0 = Release|Any CPU
		{78FDBC7B-6620-401D-811C-D7DE8941DBCE}.Release|x64.ActiveCfg = Release|Any CPU
		{78FDBC7B-6620-401D-811C-D7DE8941DBCE}.Release|x64.Build.0 = Release|Any CPU
		{78FDBC7B-6620-401D-811C-D7DE8941DBCE}.Release|x86.ActiveCfg = Release|Any CPU
		{78FDBC7B-6620-401D-811C-D7DE8941DBCE}.Release|x86.Build.0 = Release|Any CPU
		{EAFC9F6B-1937-4E67-BA41-16BF7BEAFDC4}.Debug|Any CPU.ActiveCfg = Debug|Any CPU
		{EAFC9F6B-1937-4E67-BA41-16BF7BEAFDC4}.Debug|Any CPU.Build.0 = Debug|Any CPU
		{EAFC9F6B-1937-4E67-BA41-16BF7BEAFDC4}.Debug|x64.ActiveCfg = Debug|Any CPU
		{EAFC9F6B-1937-4E67-BA41-16BF7BEAFDC4}.Debug|x64.Build.0 = Debug|Any CPU
		{EAFC9F6B-1937-4E67-BA41-16BF7BEAFDC4}.Debug|x86.ActiveCfg = Debug|Any CPU
		{EAFC9F6B-1937-4E67-BA41-16BF7BEAFDC4}.Debug|x86.Build.0 = Debug|Any CPU
		{EAFC9F6B-1937-4E67-BA41-16BF7BEAFDC4}.Release|Any CPU.ActiveCfg = Release|Any CPU
		{EAFC9F6B-1937-4E67-BA41-16BF7BEAFDC4}.Release|Any CPU.Build.0 = Release|Any CPU
		{EAFC9F6B-1937-4E67-BA41-16BF7BEAFDC4}.Release|x64.ActiveCfg = Release|Any CPU
		{EAFC9F6B-1937-4E67-BA41-16BF7BEAFDC4}.Release|x64.Build.0 = Release|Any CPU
		{EAFC9F6B-1937-4E67-BA41-16BF7BEAFDC4}.Release|x86.ActiveCfg = Release|Any CPU
		{EAFC9F6B-1937-4E67-BA41-16BF7BEAFDC4}.Release|x86.Build.0 = Release|Any CPU
		{DE8C0581-E483-40BA-8254-59D58DD14B75}.Debug|Any CPU.ActiveCfg = Debug|Any CPU
		{DE8C0581-E483-40BA-8254-59D58DD14B75}.Debug|Any CPU.Build.0 = Debug|Any CPU
		{DE8C0581-E483-40BA-8254-59D58DD14B75}.Debug|x64.ActiveCfg = Debug|Any CPU
		{DE8C0581-E483-40BA-8254-59D58DD14B75}.Debug|x64.Build.0 = Debug|Any CPU
		{DE8C0581-E483-40BA-8254-59D58DD14B75}.Debug|x86.ActiveCfg = Debug|Any CPU
		{DE8C0581-E483-40BA-8254-59D58DD14B75}.Debug|x86.Build.0 = Debug|Any CPU
		{DE8C0581-E483-40BA-8254-59D58DD14B75}.Release|Any CPU.ActiveCfg = Release|Any CPU
		{DE8C0581-E483-40BA-8254-59D58DD14B75}.Release|Any CPU.Build.0 = Release|Any CPU
		{DE8C0581-E483-40BA-8254-59D58DD14B75}.Release|x64.ActiveCfg = Release|Any CPU
		{DE8C0581-E483-40BA-8254-59D58DD14B75}.Release|x64.Build.0 = Release|Any CPU
		{DE8C0581-E483-40BA-8254-59D58DD14B75}.Release|x86.ActiveCfg = Release|Any CPU
		{DE8C0581-E483-40BA-8254-59D58DD14B75}.Release|x86.Build.0 = Release|Any CPU
		{98105826-CB6F-4647-AF29-0059295C2857}.Debug|Any CPU.ActiveCfg = Debug|Any CPU
		{98105826-CB6F-4647-AF29-0059295C2857}.Debug|Any CPU.Build.0 = Debug|Any CPU
		{98105826-CB6F-4647-AF29-0059295C2857}.Debug|x64.ActiveCfg = Debug|Any CPU
		{98105826-CB6F-4647-AF29-0059295C2857}.Debug|x64.Build.0 = Debug|Any CPU
		{98105826-CB6F-4647-AF29-0059295C2857}.Debug|x86.ActiveCfg = Debug|Any CPU
		{98105826-CB6F-4647-AF29-0059295C2857}.Debug|x86.Build.0 = Debug|Any CPU
		{98105826-CB6F-4647-AF29-0059295C2857}.Release|Any CPU.ActiveCfg = Release|Any CPU
		{98105826-CB6F-4647-AF29-0059295C2857}.Release|Any CPU.Build.0 = Release|Any CPU
		{98105826-CB6F-4647-AF29-0059295C2857}.Release|x64.ActiveCfg = Release|Any CPU
		{98105826-CB6F-4647-AF29-0059295C2857}.Release|x64.Build.0 = Release|Any CPU
		{98105826-CB6F-4647-AF29-0059295C2857}.Release|x86.ActiveCfg = Release|Any CPU
		{98105826-CB6F-4647-AF29-0059295C2857}.Release|x86.Build.0 = Release|Any CPU
		{39C3B31C-F469-4FBA-BC62-C40903C98C0C}.Debug|Any CPU.ActiveCfg = Debug|Any CPU
		{39C3B31C-F469-4FBA-BC62-C40903C98C0C}.Debug|Any CPU.Build.0 = Debug|Any CPU
		{39C3B31C-F469-4FBA-BC62-C40903C98C0C}.Debug|x64.ActiveCfg = Debug|Any CPU
		{39C3B31C-F469-4FBA-BC62-C40903C98C0C}.Debug|x64.Build.0 = Debug|Any CPU
		{39C3B31C-F469-4FBA-BC62-C40903C98C0C}.Debug|x86.ActiveCfg = Debug|Any CPU
		{39C3B31C-F469-4FBA-BC62-C40903C98C0C}.Debug|x86.Build.0 = Debug|Any CPU
		{39C3B31C-F469-4FBA-BC62-C40903C98C0C}.Release|Any CPU.ActiveCfg = Release|Any CPU
		{39C3B31C-F469-4FBA-BC62-C40903C98C0C}.Release|Any CPU.Build.0 = Release|Any CPU
		{39C3B31C-F469-4FBA-BC62-C40903C98C0C}.Release|x64.ActiveCfg = Release|Any CPU
		{39C3B31C-F469-4FBA-BC62-C40903C98C0C}.Release|x64.Build.0 = Release|Any CPU
		{39C3B31C-F469-4FBA-BC62-C40903C98C0C}.Release|x86.ActiveCfg = Release|Any CPU
		{39C3B31C-F469-4FBA-BC62-C40903C98C0C}.Release|x86.Build.0 = Release|Any CPU
		{0A6B9772-BE39-4FF3-B2A4-9317FB066F25}.Debug|Any CPU.ActiveCfg = Debug|Any CPU
		{0A6B9772-BE39-4FF3-B2A4-9317FB066F25}.Debug|Any CPU.Build.0 = Debug|Any CPU
		{0A6B9772-BE39-4FF3-B2A4-9317FB066F25}.Debug|x64.ActiveCfg = Debug|Any CPU
		{0A6B9772-BE39-4FF3-B2A4-9317FB066F25}.Debug|x64.Build.0 = Debug|Any CPU
		{0A6B9772-BE39-4FF3-B2A4-9317FB066F25}.Debug|x86.ActiveCfg = Debug|Any CPU
		{0A6B9772-BE39-4FF3-B2A4-9317FB066F25}.Debug|x86.Build.0 = Debug|Any CPU
		{0A6B9772-BE39-4FF3-B2A4-9317FB066F25}.Release|Any CPU.ActiveCfg = Release|Any CPU
		{0A6B9772-BE39-4FF3-B2A4-9317FB066F25}.Release|Any CPU.Build.0 = Release|Any CPU
		{0A6B9772-BE39-4FF3-B2A4-9317FB066F25}.Release|x64.ActiveCfg = Release|Any CPU
		{0A6B9772-BE39-4FF3-B2A4-9317FB066F25}.Release|x64.Build.0 = Release|Any CPU
		{0A6B9772-BE39-4FF3-B2A4-9317FB066F25}.Release|x86.ActiveCfg = Release|Any CPU
		{0A6B9772-BE39-4FF3-B2A4-9317FB066F25}.Release|x86.Build.0 = Release|Any CPU
		{1DB25E94-AE91-44CD-9B57-3233ABB02AAB}.Debug|Any CPU.ActiveCfg = Debug|Any CPU
		{1DB25E94-AE91-44CD-9B57-3233ABB02AAB}.Debug|Any CPU.Build.0 = Debug|Any CPU
		{1DB25E94-AE91-44CD-9B57-3233ABB02AAB}.Debug|x64.ActiveCfg = Debug|Any CPU
		{1DB25E94-AE91-44CD-9B57-3233ABB02AAB}.Debug|x64.Build.0 = Debug|Any CPU
		{1DB25E94-AE91-44CD-9B57-3233ABB02AAB}.Debug|x86.ActiveCfg = Debug|Any CPU
		{1DB25E94-AE91-44CD-9B57-3233ABB02AAB}.Debug|x86.Build.0 = Debug|Any CPU
		{1DB25E94-AE91-44CD-9B57-3233ABB02AAB}.Release|Any CPU.ActiveCfg = Release|Any CPU
		{1DB25E94-AE91-44CD-9B57-3233ABB02AAB}.Release|Any CPU.Build.0 = Release|Any CPU
		{1DB25E94-AE91-44CD-9B57-3233ABB02AAB}.Release|x64.ActiveCfg = Release|Any CPU
		{1DB25E94-AE91-44CD-9B57-3233ABB02AAB}.Release|x64.Build.0 = Release|Any CPU
		{1DB25E94-AE91-44CD-9B57-3233ABB02AAB}.Release|x86.ActiveCfg = Release|Any CPU
		{1DB25E94-AE91-44CD-9B57-3233ABB02AAB}.Release|x86.Build.0 = Release|Any CPU
	EndGlobalSection
	GlobalSection(SolutionProperties) = preSolution
		HideSolutionNode = FALSE
	EndGlobalSection
	GlobalSection(ExtensibilityGlobals) = postSolution
		SolutionGuid = {EDBEDB86-94CD-4B57-8D24-A40DB4D8AD9D}
	EndGlobalSection
EndGlobal
