
Microsoft Visual Studio Solution File, Format Version 12.00
# Visual Studio Version 16
VisualStudioVersion = 16.0.32228.343
MinimumVisualStudioVersion = 10.0.40219.1
Project("{FAE04EC0-301F-11D3-BF4B-00C04F79EFBC}") = "RW_Monitor", "RW_Monitor.csproj", "{AFE33CD1-1061-4762-9419-3E24112C770E}"
EndProject
Project("{FAE04EC0-301F-11D3-BF4B-00C04F79EFBC}") = "Core", "..\Core\Core.csproj", "{07CED789-3505-47E4-9349-6A5D8C0D5497}"
EndProject
Global
	GlobalSection(SolutionConfigurationPlatforms) = preSolution
		Debug|Any CPU = Debug|Any CPU
		Release|Any CPU = Release|Any CPU
	EndGlobalSection
	GlobalSection(ProjectConfigurationPlatforms) = postSolution
		{AFE33CD1-1061-4762-9419-3E24112C770E}.Debug|Any CPU.ActiveCfg = Debug|Any CPU
		{AFE33CD1-1061-4762-9419-3E24112C770E}.Debug|Any CPU.Build.0 = Debug|Any CPU
		{AFE33CD1-1061-4762-9419-3E24112C770E}.Release|Any CPU.ActiveCfg = Release|Any CPU
		{AFE33CD1-1061-4762-9419-3E24112C770E}.Release|Any CPU.Build.0 = Release|Any CPU
		{07CED789-3505-47E4-9349-6A5D8C0D5497}.Debug|Any CPU.ActiveCfg = Debug|Any CPU
		{07CED789-3505-47E4-9349-6A5D8C0D5497}.Debug|Any CPU.Build.0 = Debug|Any CPU
		{07CED789-3505-47E4-9349-6A5D8C0D5497}.Release|Any CPU.ActiveCfg = Release|Any CPU
		{07CED789-3505-47E4-9349-6A5D8C0D5497}.Release|Any CPU.Build.0 = Release|Any CPU
	EndGlobalSection
	GlobalSection(SolutionProperties) = preSolution
		HideSolutionNode = FALSE
	EndGlobalSection
	GlobalSection(ExtensibilityGlobals) = postSolution
		SolutionGuid = {A2C7E898-9D92-45EB-B843-2DE426E35F84}
	EndGlobalSection
EndGlobal
